
Microsoft Visual Studio Solution File, Format Version 12.00
# Visual Studio Version 17
VisualStudioVersion = 17.13.35828.75 d17.13
MinimumVisualStudioVersion = 10.0.40219.1
Project("{E24C65DC-7377-472B-9ABA-BC803B73C61A}") = "WebSite10", ".", "{12E54D1B-3BD0-4157-B96D-8EBB3956CDD0}"
	ProjectSection(WebsiteProperties) = preProject
		TargetFrameworkMoniker = ".NETFramework,Version%3Dv4.7.2"
		Debug.AspNetCompiler.VirtualPath = "/localhost_57949"
		Debug.AspNetCompiler.PhysicalPath = "..\WebSite10\"
		Debug.AspNetCompiler.TargetPath = "PrecompiledWeb\localhost_57949\"
		Debug.AspNetCompiler.Updateable = "true"
		Debug.AspNetCompiler.ForceOverwrite = "true"
		Debug.AspNetCompiler.FixedNames = "false"
		Debug.AspNetCompiler.Debug = "True"
		Release.AspNetCompiler.VirtualPath = "/localhost_57949"
		Release.AspNetCompiler.PhysicalPath = "..\WebSite10\"
		Release.AspNetCompiler.TargetPath = "PrecompiledWeb\localhost_57949\"
		Release.AspNetCompiler.Updateable = "true"
		Release.AspNetCompiler.ForceOverwrite = "true"
		Release.AspNetCompiler.FixedNames = "false"
		Release.AspNetCompiler.Debug = "False"
		VWDPort = "57949"
		SlnRelativePath = "..\WebSite10\"
		DefaultWebSiteLanguage = "Visual C#"
	EndProjectSection
EndProject
Global
	GlobalSection(SolutionConfigurationPlatforms) = preSolution
		Debug|Any CPU = Debug|Any CPU
	EndGlobalSection
	GlobalSection(ProjectConfigurationPlatforms) = postSolution
		{12E54D1B-3BD0-4157-B96D-8EBB3956CDD0}.Debug|Any CPU.ActiveCfg = Debug|Any CPU
		{12E54D1B-3BD0-4157-B96D-8EBB3956CDD0}.Debug|Any CPU.Build.0 = Debug|Any CPU
	EndGlobalSection
	GlobalSection(SolutionProperties) = preSolution
		HideSolutionNode = FALSE
	EndGlobalSection
	GlobalSection(ExtensibilityGlobals) = postSolution
		SolutionGuid = {AF35F1D4-A943-40C5-AE73-6EA4D8B38FB3}
	EndGlobalSection
EndGlobal
